
Microsoft Visual Studio Solution File, Format Version 12.00
# Visual Studio Version 16
VisualStudioVersion = 16.0.31702.278
MinimumVisualStudioVersion = 10.0.40219.1
Project("{FAE04EC0-301F-11D3-BF4B-00C04F79EFBC}") = "ISP", "ISP.csproj", "{E2885D42-B814-4C85-929E-8C089FC4028B}"
EndProject
Global
	GlobalSection(SolutionConfigurationPlatforms) = preSolution
		Debug|Any CPU = Debug|Any CPU
		Release|Any CPU = Release|Any CPU
	EndGlobalSection
	GlobalSection(ProjectConfigurationPlatforms) = postSolution
		{E2885D42-B814-4C85-929E-8C089FC4028B}.Debug|Any CPU.ActiveCfg = Debug|Any CPU
		{E2885D42-B814-4C85-929E-8C089FC4028B}.Debug|Any CPU.Build.0 = Debug|Any CPU
		{E2885D42-B814-4C85-929E-8C089FC4028B}.Release|Any CPU.ActiveCfg = Release|Any CPU
		{E2885D42-B814-4C85-929E-8C089FC4028B}.Release|Any CPU.Build.0 = Release|Any CPU
	EndGlobalSection
	GlobalSection(SolutionProperties) = preSolution
		HideSolutionNode = FALSE
	EndGlobalSection
	GlobalSection(ExtensibilityGlobals) = postSolution
		SolutionGuid = {04850D82-AF57-4C12-A312-A715D39B212C}
	EndGlobalSection
EndGlobal
