
Microsoft Visual Studio Solution File, Format Version 12.00
# Visual Studio Version 16
VisualStudioVersion = 16.0.31702.278
MinimumVisualStudioVersion = 10.0.40219.1
Project("{FAE04EC0-301F-11D3-BF4B-00C04F79EFBC}") = "OCP", "OCP.csproj", "{A08D08EE-8BC9-47B7-85A4-FF36FC6E0B4A}"
EndProject
Global
	GlobalSection(SolutionConfigurationPlatforms) = preSolution
		Debug|Any CPU = Debug|Any CPU
		Release|Any CPU = Release|Any CPU
	EndGlobalSection
	GlobalSection(ProjectConfigurationPlatforms) = postSolution
		{A08D08EE-8BC9-47B7-85A4-FF36FC6E0B4A}.Debug|Any CPU.ActiveCfg = Debug|Any CPU
		{A08D08EE-8BC9-47B7-85A4-FF36FC6E0B4A}.Debug|Any CPU.Build.0 = Debug|Any CPU
		{A08D08EE-8BC9-47B7-85A4-FF36FC6E0B4A}.Release|Any CPU.ActiveCfg = Release|Any CPU
		{A08D08EE-8BC9-47B7-85A4-FF36FC6E0B4A}.Release|Any CPU.Build.0 = Release|Any CPU
	EndGlobalSection
	GlobalSection(SolutionProperties) = preSolution
		HideSolutionNode = FALSE
	EndGlobalSection
	GlobalSection(ExtensibilityGlobals) = postSolution
		SolutionGuid = {246A6AFB-0956-4E10-A189-6CE7D7249EA3}
	EndGlobalSection
EndGlobal
